
Microsoft Visual Studio Solution File, Format Version 12.00
# Visual Studio Version 17
VisualStudioVersion = 17.5.33424.131
MinimumVisualStudioVersion = 10.0.40219.1
Project("{FAE04EC0-301F-11D3-BF4B-00C04F79EFBC}") = "PizzaApp", "ConsoleApp1\PizzaApp.csproj", "{40D30A5A-29EC-40DC-A549-FD652827D5D7}"
EndProject
Global
	GlobalSection(SolutionConfigurationPlatforms) = preSolution
		Debug|Any CPU = Debug|Any CPU
		Release|Any CPU = Release|Any CPU
	EndGlobalSection
	GlobalSection(ProjectConfigurationPlatforms) = postSolution
		{40D30A5A-29EC-40DC-A549-FD652827D5D7}.Debug|Any CPU.ActiveCfg = Debug|Any CPU
		{40D30A5A-29EC-40DC-A549-FD652827D5D7}.Debug|Any CPU.Build.0 = Debug|Any CPU
		{40D30A5A-29EC-40DC-A549-FD652827D5D7}.Release|Any CPU.ActiveCfg = Release|Any CPU
		{40D30A5A-29EC-40DC-A549-FD652827D5D7}.Release|Any CPU.Build.0 = Release|Any CPU
	EndGlobalSection
	GlobalSection(SolutionProperties) = preSolution
		HideSolutionNode = FALSE
	EndGlobalSection
	GlobalSection(ExtensibilityGlobals) = postSolution
		SolutionGuid = {058ABC5D-4B8A-48DB-B34C-1B59C1D0DA1D}
	EndGlobalSection
EndGlobal
